
Microsoft Visual Studio Solution File, Format Version 10.00
# Visual Studio 2008
Project("{F184B08F-C81C-45F6-A57F-5ABD9991F28F}") = "Moving Menu", "Moving Menu\Moving Menu.vbproj", "{DC4A05F6-A82A-4FA7-94BF-27EF73DEFB5A}"
EndProject
Global
	GlobalSection(SolutionConfigurationPlatforms) = preSolution
		Debug|Any CPU = Debug|Any CPU
		Release|Any CPU = Release|Any CPU
	EndGlobalSection
	GlobalSection(ProjectConfigurationPlatforms) = postSolution
		{DC4A05F6-A82A-4FA7-94BF-27EF73DEFB5A}.Debug|Any CPU.ActiveCfg = Debug|Any CPU
		{DC4A05F6-A82A-4FA7-94BF-27EF73DEFB5A}.Debug|Any CPU.Build.0 = Debug|Any CPU
		{DC4A05F6-A82A-4FA7-94BF-27EF73DEFB5A}.Release|Any CPU.ActiveCfg = Release|Any CPU
		{DC4A05F6-A82A-4FA7-94BF-27EF73DEFB5A}.Release|Any CPU.Build.0 = Release|Any CPU
	EndGlobalSection
	GlobalSection(SolutionProperties) = preSolution
		HideSolutionNode = FALSE
	EndGlobalSection
EndGlobal
